# This file is autogenerated, do not edit; changes may be undone by the next 'dep ensure'.


[[projects]]
  name = "gitee.com/johng/gkvdb"
  packages = ["."]
  revision = "5b7af6e0a2e40c2f14dd94a2bc3c7d4625be32e5"
  version = "v1.81"

[[projects]]
  name = "github.com/golang/protobuf"
  packages = ["proto"]
  revision = "b4deda0973fb4c70b50d226b1af49f3da59f5265"
  version = "v1.1.0"

[solve-meta]
  analyzer-name = "dep"
  analyzer-version = 1
  inputs-digest = "aa9595e48d8fff026af050eb217ba72db42e1a3c9fe6fb4c1c3a05f118facee3"
  solver-name = "gps-cdcl"
  solver-version = 1
